
Microsoft Visual Studio Solution File, Format Version 12.00
# Visual Studio Version 17
VisualStudioVersion = 17.7.34003.232
MinimumVisualStudioVersion = 10.0.40219.1
Project("{9A19103F-16F7-4668-BE54-9A1E7A4F7556}") = "skiCentar.API", "skiCentar.API\skiCentar.API.csproj", "{8C04C69A-C405-4B5B-A752-52A1E95272FC}"
EndProject
Project("{9A19103F-16F7-4668-BE54-9A1E7A4F7556}") = "skiCentar.Model", "skiCentar.Model\skiCentar.Model.csproj", "{902A5CE0-790B-4A0F-BEF9-5804AFA5D551}"
EndProject
Project("{9A19103F-16F7-4668-BE54-9A1E7A4F7556}") = "skiCentar.Services", "skiCentar.Services\skiCentar.Services.csproj", "{5D4FAB14-AE19-4C56-AF82-11575556345C}"
EndProject
Project("{2150E333-8FDC-42A3-9474-1A3956D46DE8}") = "Solution Items", "Solution Items", "{F3E3B7F9-69BC-44B2-8ACB-8C543F090E51}"
	ProjectSection(SolutionItems) = preProject
		.env = .env
		docker-compose.yml = docker-compose.yml
		Dockerfile = Dockerfile
		Dockerfile.emailsender = Dockerfile.emailsender
	EndProjectSection
EndProject
Project("{9A19103F-16F7-4668-BE54-9A1E7A4F7556}") = "skiCentar.EmailSenderService", "skiCentar.EmailSenderService\skiCentar.EmailSenderService.csproj", "{23D52FDE-E5A6-4B04-AC72-F99F7E8CAD40}"
EndProject
Global
	GlobalSection(SolutionConfigurationPlatforms) = preSolution
		Debug|Any CPU = Debug|Any CPU
		Release|Any CPU = Release|Any CPU
	EndGlobalSection
	GlobalSection(ProjectConfigurationPlatforms) = postSolution
		{8C04C69A-C405-4B5B-A752-52A1E95272FC}.Debug|Any CPU.ActiveCfg = Debug|Any CPU
		{8C04C69A-C405-4B5B-A752-52A1E95272FC}.Debug|Any CPU.Build.0 = Debug|Any CPU
		{8C04C69A-C405-4B5B-A752-52A1E95272FC}.Release|Any CPU.ActiveCfg = Release|Any CPU
		{8C04C69A-C405-4B5B-A752-52A1E95272FC}.Release|Any CPU.Build.0 = Release|Any CPU
		{902A5CE0-790B-4A0F-BEF9-5804AFA5D551}.Debug|Any CPU.ActiveCfg = Debug|Any CPU
		{902A5CE0-790B-4A0F-BEF9-5804AFA5D551}.Debug|Any CPU.Build.0 = Debug|Any CPU
		{902A5CE0-790B-4A0F-BEF9-5804AFA5D551}.Release|Any CPU.ActiveCfg = Release|Any CPU
		{902A5CE0-790B-4A0F-BEF9-5804AFA5D551}.Release|Any CPU.Build.0 = Release|Any CPU
		{5D4FAB14-AE19-4C56-AF82-11575556345C}.Debug|Any CPU.ActiveCfg = Debug|Any CPU
		{5D4FAB14-AE19-4C56-AF82-11575556345C}.Debug|Any CPU.Build.0 = Debug|Any CPU
		{5D4FAB14-AE19-4C56-AF82-11575556345C}.Release|Any CPU.ActiveCfg = Release|Any CPU
		{5D4FAB14-AE19-4C56-AF82-11575556345C}.Release|Any CPU.Build.0 = Release|Any CPU
		{23D52FDE-E5A6-4B04-AC72-F99F7E8CAD40}.Debug|Any CPU.ActiveCfg = Debug|Any CPU
		{23D52FDE-E5A6-4B04-AC72-F99F7E8CAD40}.Debug|Any CPU.Build.0 = Debug|Any CPU
		{23D52FDE-E5A6-4B04-AC72-F99F7E8CAD40}.Release|Any CPU.ActiveCfg = Release|Any CPU
		{23D52FDE-E5A6-4B04-AC72-F99F7E8CAD40}.Release|Any CPU.Build.0 = Release|Any CPU
	EndGlobalSection
	GlobalSection(SolutionProperties) = preSolution
		HideSolutionNode = FALSE
	EndGlobalSection
	GlobalSection(ExtensibilityGlobals) = postSolution
		SolutionGuid = {06B40820-17E0-49EA-AF4C-0E1617E7352B}
	EndGlobalSection
EndGlobal
